{
  "version": 4,
  "terraform_version": "1.6.0",
  "serial": 29,
  "lineage": "e5ca0523-223a-9e41-49b9-430f7514ffdf",
  "outputs": {},
  "resources": [
    {
      "mode": "managed",
      "type": "google_bigquery_dataset",
      "name": "dataset",
      "provider": "provider[\"registry.opentofu.org/hashicorp/google\"]",
      "instances": [
        {
          "schema_version": 0,
          "attributes": {
            "access": [
              {
                "dataset": [],
                "domain": "",
                "group_by_email": "",
                "iam_member": "",
                "role": "OWNER",
                "routine": [],
                "special_group": "",
                "user_by_email": "caleb@launchflow.com",
                "view": []
              },
              {
                "dataset": [],
                "domain": "",
                "group_by_email": "",
                "iam_member": "",
                "role": "OWNER",
                "routine": [],
                "special_group": "projectOwners",
                "user_by_email": "",
                "view": []
              },
              {
                "dataset": [],
                "domain": "",
                "group_by_email": "",
                "iam_member": "",
                "role": "READER",
                "routine": [],
                "special_group": "projectReaders",
                "user_by_email": "",
                "view": []
              },
              {
                "dataset": [],
                "domain": "",
                "group_by_email": "",
                "iam_member": "",
                "role": "WRITER",
                "routine": [],
                "special_group": "projectWriters",
                "user_by_email": "",
                "view": []
              }
            ],
            "creation_time": 1705804123045,
            "dataset_id": "terrabridge_testing_dataset",
            "default_collation": "",
            "default_encryption_configuration": [],
            "default_partition_expiration_ms": 0,
            "default_table_expiration_ms": 0,
            "delete_contents_on_destroy": false,
            "description": "",
            "effective_labels": {},
            "etag": "Hm7DSP9hbTEPWNxb4yXlzA==",
            "friendly_name": "",
            "id": "projects/terrabridge-testing/datasets/terrabridge_testing_dataset",
            "is_case_insensitive": false,
            "labels": null,
            "last_modified_time": 1705804123045,
            "location": "US",
            "max_time_travel_hours": "",
            "project": "terrabridge-testing",
            "self_link": "https://bigquery.googleapis.com/bigquery/v2/projects/terrabridge-testing/datasets/terrabridge_testing_dataset",
            "storage_billing_model": "",
            "terraform_labels": {},
            "timeouts": null
          },
          "sensitive_attributes": [],
          "private": "eyJlMmJmYjczMC1lY2FhLTExZTYtOGY4OC0zNDM2M2JjN2M0YzAiOnsiY3JlYXRlIjoxMjAwMDAwMDAwMDAwLCJkZWxldGUiOjEyMDAwMDAwMDAwMDAsInVwZGF0ZSI6MTIwMDAwMDAwMDAwMH19"
        }
      ]
    },
    {
      "mode": "managed",
      "type": "google_bigquery_table",
      "name": "table",
      "provider": "provider[\"registry.opentofu.org/hashicorp/google\"]",
      "instances": [
        {
          "schema_version": 0,
          "attributes": {
            "clustering": null,
            "creation_time": 1705804123513,
            "dataset_id": "terrabridge_testing_dataset",
            "deletion_protection": true,
            "description": "",
            "effective_labels": {},
            "encryption_configuration": [],
            "etag": "Xtv4XSsTnCkR0OSeemfKBA==",
            "expiration_time": 0,
            "external_data_configuration": [],
            "friendly_name": "",
            "id": "projects/terrabridge-testing/datasets/terrabridge_testing_dataset/tables/terrabridge-testing-table",
            "labels": null,
            "last_modified_time": 1705804123637,
            "location": "US",
            "materialized_view": [],
            "max_staleness": "",
            "num_bytes": 0,
            "num_long_term_bytes": 0,
            "num_rows": 0,
            "project": "terrabridge-testing",
            "range_partitioning": [],
            "require_partition_filter": false,
            "schema": "[{\"description\":\"string field\",\"mode\":\"NULLABLE\",\"name\":\"this_is_a_string\",\"type\":\"STRING\"}]",
            "self_link": "https://bigquery.googleapis.com/bigquery/v2/projects/terrabridge-testing/datasets/terrabridge_testing_dataset/tables/terrabridge-testing-table",
            "table_constraints": [],
            "table_id": "terrabridge-testing-table",
            "terraform_labels": {},
            "time_partitioning": [],
            "type": "TABLE",
            "view": []
          },
          "sensitive_attributes": [],
          "private": "bnVsbA==",
          "dependencies": [
            "google_bigquery_dataset.dataset"
          ]
        }
      ]
    },
    {
      "mode": "managed",
      "type": "google_bigtable_instance",
      "name": "bigtable_instance",
      "provider": "provider[\"registry.opentofu.org/hashicorp/google\"]",
      "instances": [
        {
          "schema_version": 1,
          "attributes": {
            "cluster": [
              {
                "autoscaling_config": [],
                "cluster_id": "tf-instance-cluster",
                "kms_key_name": "",
                "num_nodes": 1,
                "state": "READY",
                "storage_type": "HDD",
                "zone": "us-central1-a"
              }
            ],
            "deletion_protection": true,
            "display_name": "terrabridge-bigtable-instance",
            "effective_labels": {
              "my-label": "dev-label"
            },
            "id": "projects/terrabridge-testing/instances/terrabridge-bigtable-instance",
            "instance_type": "PRODUCTION",
            "labels": {
              "my-label": "dev-label"
            },
            "name": "terrabridge-bigtable-instance",
            "project": "terrabridge-testing",
            "terraform_labels": {
              "my-label": "dev-label"
            },
            "timeouts": null
          },
          "sensitive_attributes": [],
          "private": "eyJlMmJmYjczMC1lY2FhLTExZTYtOGY4OC0zNDM2M2JjN2M0YzAiOnsiY3JlYXRlIjozNjAwMDAwMDAwMDAwLCJyZWFkIjozNjAwMDAwMDAwMDAwLCJ1cGRhdGUiOjM2MDAwMDAwMDAwMDB9LCJzY2hlbWFfdmVyc2lvbiI6IjEifQ=="
        }
      ]
    },
    {
      "mode": "managed",
      "type": "google_bigtable_table",
      "name": "bigtable_table",
      "provider": "provider[\"registry.opentofu.org/hashicorp/google\"]",
      "instances": [
        {
          "schema_version": 0,
          "attributes": {
            "change_stream_retention": "24h0m0s",
            "column_family": [
              {
                "family": "family-first"
              },
              {
                "family": "family-second"
              }
            ],
            "deletion_protection": "UNPROTECTED",
            "id": "projects/terrabridge-testing/instances/terrabridge-bigtable-instance/tables/tf-table",
            "instance_name": "terrabridge-bigtable-instance",
            "name": "tf-table",
            "project": "terrabridge-testing",
            "split_keys": [
              "a",
              "b",
              "c"
            ],
            "timeouts": null
          },
          "sensitive_attributes": [],
          "private": "eyJlMmJmYjczMC1lY2FhLTExZTYtOGY4OC0zNDM2M2JjN2M0YzAiOnsiY3JlYXRlIjoyNzAwMDAwMDAwMDAwLCJ1cGRhdGUiOjEyMDAwMDAwMDAwMDB9fQ==",
          "dependencies": [
            "google_bigtable_instance.bigtable_instance"
          ]
        }
      ]
    },
    {
      "mode": "managed",
      "type": "google_cloud_tasks_queue",
      "name": "queue",
      "provider": "provider[\"registry.opentofu.org/hashicorp/google\"]",
      "instances": [
        {
          "schema_version": 0,
          "attributes": {
            "app_engine_routing_override": [],
            "id": "projects/terrabridge-testing/locations/us-central1/queues/cloud-tasks-queue-test",
            "location": "us-central1",
            "name": "cloud-tasks-queue-test",
            "project": "terrabridge-testing",
            "rate_limits": [
              {
                "max_burst_size": 100,
                "max_concurrent_dispatches": 1000,
                "max_dispatches_per_second": 500
              }
            ],
            "retry_config": [
              {
                "max_attempts": 100,
                "max_backoff": "3600s",
                "max_doublings": 16,
                "max_retry_duration": "",
                "min_backoff": "0.100s"
              }
            ],
            "stackdriver_logging_config": [],
            "timeouts": null
          },
          "sensitive_attributes": [],
          "private": "eyJlMmJmYjczMC1lY2FhLTExZTYtOGY4OC0zNDM2M2JjN2M0YzAiOnsiY3JlYXRlIjoxMjAwMDAwMDAwMDAwLCJkZWxldGUiOjEyMDAwMDAwMDAwMDAsInVwZGF0ZSI6MTIwMDAwMDAwMDAwMH19"
        }
      ]
    },
    {
      "mode": "managed",
      "type": "google_pubsub_lite_reservation",
      "name": "lite_reservation",
      "provider": "provider[\"registry.opentofu.org/hashicorp/google\"]",
      "instances": [
        {
          "schema_version": 0,
          "attributes": {
            "id": "projects/terrabridge-testing/locations/us-central1/reservations/example-reservation",
            "name": "example-reservation",
            "project": "terrabridge-testing",
            "region": null,
            "throughput_capacity": 2,
            "timeouts": null
          },
          "sensitive_attributes": [],
          "private": "eyJlMmJmYjczMC1lY2FhLTExZTYtOGY4OC0zNDM2M2JjN2M0YzAiOnsiY3JlYXRlIjoxMjAwMDAwMDAwMDAwLCJkZWxldGUiOjEyMDAwMDAwMDAwMDAsInVwZGF0ZSI6MTIwMDAwMDAwMDAwMH19"
        }
      ]
    },
    {
      "mode": "managed",
      "type": "google_pubsub_lite_subscription",
      "name": "lite_sub",
      "provider": "provider[\"registry.opentofu.org/hashicorp/google\"]",
      "instances": [
        {
          "schema_version": 0,
          "attributes": {
            "delivery_config": [
              {
                "delivery_requirement": "DELIVER_AFTER_STORED"
              }
            ],
            "id": "projects/terrabridge-testing/locations/us-central1-a/subscriptions/example-lite-subscription",
            "name": "example-lite-subscription",
            "project": "terrabridge-testing",
            "region": null,
            "timeouts": null,
            "topic": "projects/717658685230/locations/us-central1-a/topics/example-lite-topic",
            "zone": null
          },
          "sensitive_attributes": [],
          "private": "eyJlMmJmYjczMC1lY2FhLTExZTYtOGY4OC0zNDM2M2JjN2M0YzAiOnsiY3JlYXRlIjoxMjAwMDAwMDAwMDAwLCJkZWxldGUiOjEyMDAwMDAwMDAwMDAsInVwZGF0ZSI6MTIwMDAwMDAwMDAwMH19",
          "dependencies": [
            "google_pubsub_lite_reservation.lite_reservation",
            "google_pubsub_lite_topic.lite_topic"
          ]
        }
      ]
    },
    {
      "mode": "managed",
      "type": "google_pubsub_lite_topic",
      "name": "lite_topic",
      "provider": "provider[\"registry.opentofu.org/hashicorp/google\"]",
      "instances": [
        {
          "schema_version": 0,
          "attributes": {
            "id": "projects/terrabridge-testing/locations/us-central1-a/topics/example-lite-topic",
            "name": "example-lite-topic",
            "partition_config": [
              {
                "capacity": [
                  {
                    "publish_mib_per_sec": 4,
                    "subscribe_mib_per_sec": 8
                  }
                ],
                "count": 1
              }
            ],
            "project": "terrabridge-testing",
            "region": null,
            "reservation_config": [
              {
                "throughput_reservation": "projects/717658685230/locations/us-central1/reservations/example-reservation"
              }
            ],
            "retention_config": [
              {
                "per_partition_bytes": "32212254720",
                "period": ""
              }
            ],
            "timeouts": null,
            "zone": null
          },
          "sensitive_attributes": [],
          "private": "eyJlMmJmYjczMC1lY2FhLTExZTYtOGY4OC0zNDM2M2JjN2M0YzAiOnsiY3JlYXRlIjoxMjAwMDAwMDAwMDAwLCJkZWxldGUiOjEyMDAwMDAwMDAwMDAsInVwZGF0ZSI6MTIwMDAwMDAwMDAwMH19",
          "dependencies": [
            "google_pubsub_lite_reservation.lite_reservation"
          ]
        }
      ]
    },
    {
      "mode": "managed",
      "type": "google_pubsub_subscription",
      "name": "subscription",
      "provider": "provider[\"registry.opentofu.org/hashicorp/google\"]",
      "instances": [
        {
          "schema_version": 0,
          "attributes": {
            "ack_deadline_seconds": 10,
            "bigquery_config": [],
            "cloud_storage_config": [],
            "dead_letter_policy": [],
            "effective_labels": {},
            "enable_exactly_once_delivery": false,
            "enable_message_ordering": false,
            "expiration_policy": [
              {
                "ttl": "2678400s"
              }
            ],
            "filter": "",
            "id": "projects/terrabridge-testing/subscriptions/example-subscription",
            "labels": {},
            "message_retention_duration": "604800s",
            "name": "example-subscription",
            "project": "terrabridge-testing",
            "push_config": [],
            "retain_acked_messages": false,
            "retry_policy": [],
            "terraform_labels": {},
            "timeouts": null,
            "topic": "projects/terrabridge-testing/topics/example-topic"
          },
          "sensitive_attributes": [],
          "private": "eyJlMmJmYjczMC1lY2FhLTExZTYtOGY4OC0zNDM2M2JjN2M0YzAiOnsiY3JlYXRlIjoxMjAwMDAwMDAwMDAwLCJkZWxldGUiOjEyMDAwMDAwMDAwMDAsInVwZGF0ZSI6MTIwMDAwMDAwMDAwMH19",
          "dependencies": [
            "google_pubsub_topic.topic"
          ]
        }
      ]
    },
    {
      "mode": "managed",
      "type": "google_pubsub_topic",
      "name": "topic",
      "provider": "provider[\"registry.opentofu.org/hashicorp/google\"]",
      "instances": [
        {
          "schema_version": 0,
          "attributes": {
            "effective_labels": {},
            "id": "projects/terrabridge-testing/topics/example-topic",
            "kms_key_name": "",
            "labels": {},
            "message_retention_duration": "",
            "message_storage_policy": [],
            "name": "example-topic",
            "project": "terrabridge-testing",
            "schema_settings": [],
            "terraform_labels": {},
            "timeouts": null
          },
          "sensitive_attributes": [],
          "private": "eyJlMmJmYjczMC1lY2FhLTExZTYtOGY4OC0zNDM2M2JjN2M0YzAiOnsiY3JlYXRlIjoxMjAwMDAwMDAwMDAwLCJkZWxldGUiOjEyMDAwMDAwMDAwMDAsInVwZGF0ZSI6MTIwMDAwMDAwMDAwMH19"
        }
      ]
    },
    {
      "mode": "managed",
      "type": "google_secret_manager_secret",
      "name": "secret",
      "provider": "provider[\"registry.opentofu.org/hashicorp/google\"]",
      "instances": [
        {
          "schema_version": 0,
          "attributes": {
            "annotations": {},
            "create_time": "2024-01-21T02:24:22.466519Z",
            "effective_annotations": {},
            "effective_labels": {},
            "expire_time": "",
            "id": "projects/terrabridge-testing/secrets/secret",
            "labels": {},
            "name": "projects/717658685230/secrets/secret",
            "project": "terrabridge-testing",
            "replication": [
              {
                "auto": [],
                "user_managed": [
                  {
                    "replicas": [
                      {
                        "customer_managed_encryption": [],
                        "location": "us-central1"
                      },
                      {
                        "customer_managed_encryption": [],
                        "location": "us-east1"
                      }
                    ]
                  }
                ]
              }
            ],
            "rotation": [],
            "secret_id": "secret",
            "terraform_labels": {},
            "timeouts": null,
            "topics": [],
            "ttl": null,
            "version_aliases": {}
          },
          "sensitive_attributes": [],
          "private": "eyJlMmJmYjczMC1lY2FhLTExZTYtOGY4OC0zNDM2M2JjN2M0YzAiOnsiY3JlYXRlIjoxMjAwMDAwMDAwMDAwLCJkZWxldGUiOjEyMDAwMDAwMDAwMDAsInVwZGF0ZSI6MTIwMDAwMDAwMDAwMH19"
        }
      ]
    },
    {
      "mode": "managed",
      "type": "google_sql_database",
      "name": "database",
      "provider": "provider[\"registry.opentofu.org/hashicorp/google\"]",
      "instances": [
        {
          "schema_version": 0,
          "attributes": {
            "charset": "UTF8",
            "collation": "en_US.UTF8",
            "deletion_policy": "DELETE",
            "id": "projects/terrabridge-testing/instances/terrabridge-testing-instance/databases/terrabridge-testing-database",
            "instance": "terrabridge-testing-instance",
            "name": "terrabridge-testing-database",
            "project": "terrabridge-testing",
            "self_link": "https://sqladmin.googleapis.com/sql/v1beta4/projects/terrabridge-testing/instances/terrabridge-testing-instance/databases/terrabridge-testing-database",
            "timeouts": null
          },
          "sensitive_attributes": [],
          "private": "eyJlMmJmYjczMC1lY2FhLTExZTYtOGY4OC0zNDM2M2JjN2M0YzAiOnsiY3JlYXRlIjoxMjAwMDAwMDAwMDAwLCJkZWxldGUiOjEyMDAwMDAwMDAwMDAsInVwZGF0ZSI6MTIwMDAwMDAwMDAwMH19",
          "dependencies": [
            "google_sql_database_instance.cloud_sql_instance"
          ]
        }
      ]
    },
    {
      "mode": "managed",
      "type": "google_sql_database_instance",
      "name": "cloud_sql_instance",
      "provider": "provider[\"registry.opentofu.org/hashicorp/google\"]",
      "instances": [
        {
          "schema_version": 0,
          "attributes": {
            "available_maintenance_versions": [],
            "clone": [],
            "connection_name": "terrabridge-testing:us-central1:terrabridge-testing-instance",
            "database_version": "POSTGRES_15",
            "deletion_protection": true,
            "dns_name": "",
            "encryption_key_name": null,
            "first_ip_address": "34.66.229.37",
            "id": "terrabridge-testing-instance",
            "instance_type": "CLOUD_SQL_INSTANCE",
            "ip_address": [
              {
                "ip_address": "34.66.229.37",
                "time_to_retire": "",
                "type": "PRIMARY"
              },
              {
                "ip_address": "35.232.70.121",
                "time_to_retire": "",
                "type": "OUTGOING"
              }
            ],
            "maintenance_version": "POSTGRES_15_4.R20230830.01_07",
            "master_instance_name": "",
            "name": "terrabridge-testing-instance",
            "private_ip_address": "",
            "project": "terrabridge-testing",
            "psc_service_attachment_link": "",
            "public_ip_address": "34.66.229.37",
            "region": "us-central1",
            "replica_configuration": [],
            "restore_backup_context": [],
            "root_password": null,
            "self_link": "https://sqladmin.googleapis.com/sql/v1beta4/projects/terrabridge-testing/instances/terrabridge-testing-instance",
            "server_ca_cert": [
              {
                "cert": "-----BEGIN CERTIFICATE-----\nMIIDfzCCAmegAwIBAgIBADANBgkqhkiG9w0BAQsFADB3MS0wKwYDVQQuEyRjZDQ2\nZjZiMS1kNTMyLTRmY2MtYWZlNi01ODkzZjRmZDExNDAxIzAhBgNVBAMTGkdvb2ds\nZSBDbG91ZCBTUUwgU2VydmVyIENBMRQwEgYDVQQKEwtHb29nbGUsIEluYzELMAkG\nA1UEBhMCVVMwHhcNMjQwMTIxMDIyNDIyWhcNMzQwMTE4MDIyNTIyWjB3MS0wKwYD\nVQQuEyRjZDQ2ZjZiMS1kNTMyLTRmY2MtYWZlNi01ODkzZjRmZDExNDAxIzAhBgNV\nBAMTGkdvb2dsZSBDbG91ZCBTUUwgU2VydmVyIENBMRQwEgYDVQQKEwtHb29nbGUs\nIEluYzELMAkGA1UEBhMCVVMwggEiMA0GCSqGSIb3DQEBAQUAA4IBDwAwggEKAoIB\nAQCFVy5LpHy+XT8NTCzabHksEWtaX9OPHlW7bP1Vo3y5HGOW2l7fwVCTJ5CGvVmK\n9B6LGfyGB+ZjHMHV8HMD2im7mawdQzRVmt1M/LQEC/FPvu0YuY4nTJj4LRg0JYy8\nAJOatp97CCvYab+fjCt8OMYkAPVlA2y0JDpu+XDQdxlx/C2BIEmux+1jTG3Uuxoa\nK0BzdVB8Pm0c8JLDCk5XElnH+RRXgT9LAunHMrwq/94661WaGjkyY2CuFYnBCvsF\nBn45SWkPSKbqH4gzJAKmV3fmfuopYVTGXDB//kApMTrXgWmM4SInSQAC5dSDGMxm\nsQJcZneIMB+ELij1ho4giCCFAgMBAAGjFjAUMBIGA1UdEwEB/wQIMAYBAf8CAQAw\nDQYJKoZIhvcNAQELBQADggEBAFrQKo52/fbWGZJqwvAVauwNyBIpCbEKzD5HwLUj\nim9w1vmNSCLb4/4UQwIHEO0ziu0xTE14bEGjSDk82JuD5OhW0vhgyEg88jCWMv6/\nbMkSmGx7zegx0u2MdgsDhhFKL1gGEXc4niJ9Ivdbye/lZbJa+yPAqKTPTnMG/fFW\nUiHA+cUNFnoeC7wvcSi3GRr+Yfiem9A4VJ1RNqwLnRsPGQ1PPR7rJjvJcHJb0dqj\nGssApTmzPrxORpCgtCT4EfMgw3baHFMx9y912Z/IUb6no1pCXKAQCRQo9ryW034J\nHsqyhws9MyHqileHL0H0V0v9aWQugMO1mtZX4yIg9B+4ipw=\n-----END CERTIFICATE-----",
                "common_name": "C=US,O=Google\\, Inc,CN=Google Cloud SQL Server CA,dnQualifier=cd46f6b1-d532-4fcc-afe6-5893f4fd1140",
                "create_time": "2024-01-21T02:24:22.582Z",
                "expiration_time": "2034-01-18T02:25:22.582Z",
                "sha1_fingerprint": "cbffd53580c976d20f9fd3d2e916cacdc02a5e45"
              }
            ],
            "service_account_email_address": "p717658685230-g44tt2@gcp-sa-cloud-sql.iam.gserviceaccount.com",
            "settings": [
              {
                "activation_policy": "ALWAYS",
                "active_directory_config": [],
                "advanced_machine_features": [],
                "availability_type": "ZONAL",
                "backup_configuration": [
                  {
                    "backup_retention_settings": [
                      {
                        "retained_backups": 7,
                        "retention_unit": "COUNT"
                      }
                    ],
                    "binary_log_enabled": false,
                    "enabled": false,
                    "location": "",
                    "point_in_time_recovery_enabled": false,
                    "start_time": "23:00",
                    "transaction_log_retention_days": 7
                  }
                ],
                "collation": "",
                "connector_enforcement": "NOT_REQUIRED",
                "data_cache_config": [],
                "database_flags": [],
                "deletion_protection_enabled": false,
                "deny_maintenance_period": [],
                "disk_autoresize": true,
                "disk_autoresize_limit": 0,
                "disk_size": 10,
                "disk_type": "PD_SSD",
                "edition": "ENTERPRISE",
                "insights_config": [],
                "ip_configuration": [
                  {
                    "allocated_ip_range": "",
                    "authorized_networks": [],
                    "enable_private_path_for_google_cloud_services": false,
                    "ipv4_enabled": true,
                    "private_network": "",
                    "psc_config": [],
                    "require_ssl": false,
                    "ssl_mode": ""
                  }
                ],
                "location_preference": [
                  {
                    "follow_gae_application": "",
                    "secondary_zone": "",
                    "zone": "us-central1-f"
                  }
                ],
                "maintenance_window": [],
                "password_validation_policy": [],
                "pricing_plan": "PER_USE",
                "sql_server_audit_config": [],
                "tier": "db-custom-1-3840",
                "time_zone": "",
                "user_labels": {},
                "version": 1
              }
            ],
            "timeouts": null
          },
          "sensitive_attributes": [],
          "private": "eyJlMmJmYjczMC1lY2FhLTExZTYtOGY4OC0zNDM2M2JjN2M0YzAiOnsiY3JlYXRlIjoyNDAwMDAwMDAwMDAwLCJkZWxldGUiOjE4MDAwMDAwMDAwMDAsInVwZGF0ZSI6MTgwMDAwMDAwMDAwMH19"
        }
      ]
    },
    {
      "mode": "managed",
      "type": "google_sql_user",
      "name": "user",
      "provider": "provider[\"registry.opentofu.org/hashicorp/google\"]",
      "instances": [
        {
          "schema_version": 1,
          "attributes": {
            "deletion_policy": null,
            "host": "",
            "id": "terrabridge-testing-user//terrabridge-testing-instance",
            "instance": "terrabridge-testing-instance",
            "name": "terrabridge-testing-user",
            "password": "terrabridge-testing-password",
            "password_policy": [],
            "project": "terrabridge-testing",
            "sql_server_user_details": [],
            "timeouts": null,
            "type": ""
          },
          "sensitive_attributes": [],
          "private": "eyJlMmJmYjczMC1lY2FhLTExZTYtOGY4OC0zNDM2M2JjN2M0YzAiOnsiY3JlYXRlIjo2MDAwMDAwMDAwMDAsImRlbGV0ZSI6NjAwMDAwMDAwMDAwLCJ1cGRhdGUiOjYwMDAwMDAwMDAwMH0sInNjaGVtYV92ZXJzaW9uIjoiMSJ9",
          "dependencies": [
            "google_sql_database_instance.cloud_sql_instance"
          ]
        }
      ]
    },
    {
      "mode": "managed",
      "type": "google_storage_bucket",
      "name": "bucket",
      "provider": "provider[\"registry.opentofu.org/hashicorp/google\"]",
      "instances": [
        {
          "schema_version": 1,
          "attributes": {
            "autoclass": [],
            "cors": [],
            "custom_placement_config": [],
            "default_event_based_hold": false,
            "effective_labels": {},
            "enable_object_retention": false,
            "encryption": [],
            "force_destroy": false,
            "id": "terrabridge-testing-terrabridge-testing",
            "labels": {},
            "lifecycle_rule": [],
            "location": "US",
            "logging": [],
            "name": "terrabridge-testing-terrabridge-testing",
            "project": "terrabridge-testing",
            "public_access_prevention": "inherited",
            "requester_pays": false,
            "retention_policy": [],
            "rpo": "DEFAULT",
            "self_link": "https://www.googleapis.com/storage/v1/b/terrabridge-testing-terrabridge-testing",
            "storage_class": "STANDARD",
            "terraform_labels": {},
            "timeouts": null,
            "uniform_bucket_level_access": false,
            "url": "gs://terrabridge-testing-terrabridge-testing",
            "versioning": [],
            "website": []
          },
          "sensitive_attributes": [],
          "private": "eyJlMmJmYjczMC1lY2FhLTExZTYtOGY4OC0zNDM2M2JjN2M0YzAiOnsiY3JlYXRlIjo2MDAwMDAwMDAwMDAsInJlYWQiOjI0MDAwMDAwMDAwMCwidXBkYXRlIjoyNDAwMDAwMDAwMDB9LCJzY2hlbWFfdmVyc2lvbiI6IjEifQ=="
        }
      ]
    },
    {
      "mode": "managed",
      "type": "google_storage_bucket",
      "module": "module.bucket",
      "name": "bucket",
      "provider": "provider[\"registry.opentofu.org/hashicorp/google\"]",
      "instances": [
        {
          "schema_version": 1,
          "attributes": {
            "autoclass": [],
            "cors": [],
            "custom_placement_config": [],
            "default_event_based_hold": false,
            "effective_labels": {},
            "enable_object_retention": false,
            "encryption": [],
            "force_destroy": false,
            "id": "terrabridge-testing-terrabridge-testing-module",
            "labels": {},
            "lifecycle_rule": [],
            "location": "US",
            "logging": [],
            "name": "terrabridge-testing-terrabridge-testing-module",
            "project": "terrabridge-testing",
            "public_access_prevention": "inherited",
            "requester_pays": false,
            "retention_policy": [],
            "rpo": "DEFAULT",
            "self_link": "https://www.googleapis.com/storage/v1/b/terrabridge-testing-terrabridge-testing-module",
            "storage_class": "STANDARD",
            "terraform_labels": {},
            "timeouts": null,
            "uniform_bucket_level_access": false,
            "url": "gs://terrabridge-testing-terrabridge-testing-module",
            "versioning": [],
            "website": []
          },
          "sensitive_attributes": [],
          "private": "eyJlMmJmYjczMC1lY2FhLTExZTYtOGY4OC0zNDM2M2JjN2M0YzAiOnsiY3JlYXRlIjo2MDAwMDAwMDAwMDAsInJlYWQiOjI0MDAwMDAwMDAwMCwidXBkYXRlIjoyNDAwMDAwMDAwMDB9LCJzY2hlbWFfdmVyc2lvbiI6IjEifQ=="
        }
      ]
    },
    {
      "mode": "managed",
      "type": "google_sql_database_instance",
      "name": "myql_sql_instance",
      "provider": "provider[\"registry.opentofu.org/hashicorp/google\"]",
      "instances": [
        {
          "schema_version": 0,
          "attributes": {
            "available_maintenance_versions": [],
            "clone": [],
            "connection_name": "terrabridge-testing:us-central1:terrabridge-testing-instance-mysql",
            "database_version": "MYSQL_8_0",
            "deletion_protection": true,
            "dns_name": "",
            "encryption_key_name": null,
            "first_ip_address": "34.31.148.248",
            "id": "terrabridge-testing-instance-mysql",
            "instance_type": "CLOUD_SQL_INSTANCE",
            "ip_address": [
              {
                "ip_address": "34.31.148.248",
                "time_to_retire": "",
                "type": "PRIMARY"
              }
            ],
            "maintenance_version": "MYSQL_8_0_31.R20231105.01_03",
            "master_instance_name": "",
            "name": "terrabridge-testing-instance-mysql",
            "private_ip_address": "",
            "project": "terrabridge-testing",
            "psc_service_attachment_link": "",
            "public_ip_address": "34.31.148.248",
            "region": "us-central1",
            "replica_configuration": [],
            "restore_backup_context": [],
            "root_password": null,
            "self_link": "https://sqladmin.googleapis.com/sql/v1beta4/projects/terrabridge-testing/instances/terrabridge-testing-instance-mysql",
            "server_ca_cert": [
              {
                "cert": "-----BEGIN CERTIFICATE-----\nMIIDfzCCAmegAwIBAgIBADANBgkqhkiG9w0BAQsFADB3MS0wKwYDVQQuEyQyYjA0\nZDBkZC0zM2U4LTQ2MjEtODI3YS1mYmFjNTJkODI1ZGQxIzAhBgNVBAMTGkdvb2ds\nZSBDbG91ZCBTUUwgU2VydmVyIENBMRQwEgYDVQQKEwtHb29nbGUsIEluYzELMAkG\nA1UEBhMCVVMwHhcNMjQwMTIxMTcyODQxWhcNMzQwMTE4MTcyOTQxWjB3MS0wKwYD\nVQQuEyQyYjA0ZDBkZC0zM2U4LTQ2MjEtODI3YS1mYmFjNTJkODI1ZGQxIzAhBgNV\nBAMTGkdvb2dsZSBDbG91ZCBTUUwgU2VydmVyIENBMRQwEgYDVQQKEwtHb29nbGUs\nIEluYzELMAkGA1UEBhMCVVMwggEiMA0GCSqGSIb3DQEBAQUAA4IBDwAwggEKAoIB\nAQCm6lX3IAasixDU7hlxGMfSoaTYjE/jGky2hemV+3qdpma41HbFoWi6vhVRyJEe\nR1Klva5a35vmiQgpcqMFwJlFJiODqvkpJSwfwiFibaDqY5Qvfa1o539nffNVmzV0\nj1erfwnXp7fTqqdwZ8rzDnC87tLk315F6YweO6O6DoawZnlgPksVg6fJXtF8cK+y\nxE2vGG+d1aXVulUk33Heqvp2l/IEzYVtkweLZHJMIDCYENdtLTXmpWAhNWIlCqws\nWmU1r9ZCLJWxKhxSx8+7enk7kH4sgJSfe6zkxQPILTSePanTUnmIsiuxg88BEwDZ\nx7tL8zUCYDm3vQjisRPsXOirAgMBAAGjFjAUMBIGA1UdEwEB/wQIMAYBAf8CAQAw\nDQYJKoZIhvcNAQELBQADggEBAE55kFaEJor4kAlLRIIwIiPWDkvsMWBueZMmB3ct\nS4wEWE24znIqBNWQQc4IvSru3CvyTbG3wQ1XFjzGQFF/VmhrO5QwznWT5zzCTO/o\nVO0MUWUoViYjvuujeehcMcoAS/AC8F5m+YG4mjlfbLu//vf+PwSBzZ+HA7T9x5Gb\n6iPewyjxaKksdqeekaDkAhW0KsQlSPjfOHpc+X1+X8dDIvRlAxQzchvLekUiHrGg\nqfLrDUG9OqALgClXuXmhhKqpbcsFLuNYB3yOaIXaEGn0O6+BMhz4VCT5IOMmJk3d\ndc0RBZHGKqf4VjiN76XbpZxHbrc2MEa1fjIii0Wi7bye0xE=\n-----END CERTIFICATE-----",
                "common_name": "C=US,O=Google\\, Inc,CN=Google Cloud SQL Server CA,dnQualifier=2b04d0dd-33e8-4621-827a-fbac52d825dd",
                "create_time": "2024-01-21T17:28:41.220Z",
                "expiration_time": "2034-01-18T17:29:41.220Z",
                "sha1_fingerprint": "db1f6f23553c2fd31d13d8f96f8d0b83c71a605f"
              }
            ],
            "service_account_email_address": "p717658685230-8g7xim@gcp-sa-cloud-sql.iam.gserviceaccount.com",
            "settings": [
              {
                "activation_policy": "ALWAYS",
                "active_directory_config": [],
                "advanced_machine_features": [],
                "availability_type": "ZONAL",
                "backup_configuration": [
                  {
                    "backup_retention_settings": [
                      {
                        "retained_backups": 7,
                        "retention_unit": "COUNT"
                      }
                    ],
                    "binary_log_enabled": false,
                    "enabled": false,
                    "location": "",
                    "point_in_time_recovery_enabled": false,
                    "start_time": "17:00",
                    "transaction_log_retention_days": 7
                  }
                ],
                "collation": "",
                "connector_enforcement": "NOT_REQUIRED",
                "data_cache_config": [],
                "database_flags": [],
                "deletion_protection_enabled": false,
                "deny_maintenance_period": [],
                "disk_autoresize": true,
                "disk_autoresize_limit": 0,
                "disk_size": 10,
                "disk_type": "PD_SSD",
                "edition": "ENTERPRISE",
                "insights_config": [],
                "ip_configuration": [
                  {
                    "allocated_ip_range": "",
                    "authorized_networks": [],
                    "enable_private_path_for_google_cloud_services": false,
                    "ipv4_enabled": true,
                    "private_network": "",
                    "psc_config": [],
                    "require_ssl": false,
                    "ssl_mode": ""
                  }
                ],
                "location_preference": [
                  {
                    "follow_gae_application": "",
                    "secondary_zone": "",
                    "zone": "us-central1-c"
                  }
                ],
                "maintenance_window": [],
                "password_validation_policy": [],
                "pricing_plan": "PER_USE",
                "sql_server_audit_config": [],
                "tier": "db-custom-1-3840",
                "time_zone": "",
                "user_labels": {},
                "version": 1
              }
            ],
            "timeouts": null
          },
          "sensitive_attributes": [],
          "private": "eyJlMmJmYjczMC1lY2FhLTExZTYtOGY4OC0zNDM2M2JjN2M0YzAiOnsiY3JlYXRlIjoyNDAwMDAwMDAwMDAwLCJkZWxldGUiOjE4MDAwMDAwMDAwMDAsInVwZGF0ZSI6MTgwMDAwMDAwMDAwMH19"
        }
      ]
    },
    {
      "mode": "managed",
      "type": "google_sql_user",
      "name": "mysql_user1",
      "provider": "provider[\"registry.opentofu.org/hashicorp/google\"]",
      "instances": [
        {
          "schema_version": 1,
          "attributes": {
            "deletion_policy": null,
            "host": "",
            "id": "terrabridge-testing-user-mysql//terrabridge-testing-instance-mysql",
            "instance": "terrabridge-testing-instance-mysql",
            "name": "terrabridge-testing-user-mysql",
            "password": "terrabridge-testing-password",
            "password_policy": [],
            "project": "terrabridge-testing",
            "sql_server_user_details": [],
            "timeouts": null,
            "type": ""
          },
          "sensitive_attributes": [],
          "private": "eyJlMmJmYjczMC1lY2FhLTExZTYtOGY4OC0zNDM2M2JjN2M0YzAiOnsiY3JlYXRlIjo2MDAwMDAwMDAwMDAsImRlbGV0ZSI6NjAwMDAwMDAwMDAwLCJ1cGRhdGUiOjYwMDAwMDAwMDAwMH0sInNjaGVtYV92ZXJzaW9uIjoiMSJ9",
          "dependencies": [
            "google_sql_database_instance.myql_sql_instance"
          ]
        }
      ]
    },
    {
      "mode": "managed",
      "type": "google_sql_database",
      "name": "mysql_database",
      "provider": "provider[\"registry.opentofu.org/hashicorp/google\"]",
      "instances": [
        {
          "schema_version": 0,
          "attributes": {
            "charset": "utf8mb4",
            "collation": "utf8mb4_0900_ai_ci",
            "deletion_policy": "DELETE",
            "id": "projects/terrabridge-testing/instances/terrabridge-testing-instance-mysql/databases/terrabridge-testing-database",
            "instance": "terrabridge-testing-instance-mysql",
            "name": "terrabridge-testing-database",
            "project": "terrabridge-testing",
            "self_link": "https://sqladmin.googleapis.com/sql/v1beta4/projects/terrabridge-testing/instances/terrabridge-testing-instance-mysql/databases/terrabridge-testing-database",
            "timeouts": null
          },
          "sensitive_attributes": [],
          "private": "eyJlMmJmYjczMC1lY2FhLTExZTYtOGY4OC0zNDM2M2JjN2M0YzAiOnsiY3JlYXRlIjoxMjAwMDAwMDAwMDAwLCJkZWxldGUiOjEyMDAwMDAwMDAwMDAsInVwZGF0ZSI6MTIwMDAwMDAwMDAwMH19",
          "dependencies": [
            "google_sql_database_instance.myql_sql_instance"
          ]
        }
      ]
    },
    {
      "mode": "managed",
      "type": "google_sql_user",
      "name": "sql_server_user",
      "provider": "provider[\"registry.opentofu.org/hashicorp/google\"]",
      "instances": [
        {
          "schema_version": 1,
          "attributes": {
            "deletion_policy": null,
            "host": "",
            "id": "terrabridge-testing-user//terrabridge-testing-instance-sql-server",
            "instance": "terrabridge-testing-instance-sql-server",
            "name": "terrabridge-testing-user",
            "password": "terrabridge-testing-password",
            "password_policy": [],
            "project": "terrabridge-testing",
            "sql_server_user_details": [
              {
                "disabled": false,
                "server_roles": [
                  "CustomerDbRootRole"
                ]
              }
            ],
            "timeouts": null,
            "type": ""
          },
          "sensitive_attributes": [],
          "private": "eyJlMmJmYjczMC1lY2FhLTExZTYtOGY4OC0zNDM2M2JjN2M0YzAiOnsiY3JlYXRlIjo2MDAwMDAwMDAwMDAsImRlbGV0ZSI6NjAwMDAwMDAwMDAwLCJ1cGRhdGUiOjYwMDAwMDAwMDAwMH0sInNjaGVtYV92ZXJzaW9uIjoiMSJ9",
          "dependencies": [
            "google_sql_database_instance.sql_server_sql_instance"
          ]
        }
      ]
    },
    {
      "mode": "managed",
      "type": "google_sql_database_instance",
      "name": "sql_server_sql_instance",
      "provider": "provider[\"registry.opentofu.org/hashicorp/google\"]",
      "instances": [
        {
          "schema_version": 0,
          "attributes": {
            "available_maintenance_versions": [],
            "clone": [],
            "connection_name": "terrabridge-testing:us-central1:terrabridge-testing-instance-sql-server",
            "database_version": "SQLSERVER_2019_STANDARD",
            "deletion_protection": true,
            "dns_name": "",
            "encryption_key_name": null,
            "first_ip_address": "34.27.4.216",
            "id": "terrabridge-testing-instance-sql-server",
            "instance_type": "CLOUD_SQL_INSTANCE",
            "ip_address": [
              {
                "ip_address": "34.27.4.216",
                "time_to_retire": "",
                "type": "PRIMARY"
              }
            ],
            "maintenance_version": "SQLSERVER_2019_STANDARD_CU22.R20231029.00_02",
            "master_instance_name": "",
            "name": "terrabridge-testing-instance-sql-server",
            "private_ip_address": "",
            "project": "terrabridge-testing",
            "psc_service_attachment_link": "",
            "public_ip_address": "34.27.4.216",
            "region": "us-central1",
            "replica_configuration": [],
            "restore_backup_context": [],
            "root_password": "root-password",
            "self_link": "https://sqladmin.googleapis.com/sql/v1beta4/projects/terrabridge-testing/instances/terrabridge-testing-instance-sql-server",
            "server_ca_cert": [
              {
                "cert": "-----BEGIN CERTIFICATE-----\nMIIDfzCCAmegAwIBAgIBADANBgkqhkiG9w0BAQsFADB3MS0wKwYDVQQuEyQ2OGUz\nNGJlOS04OTk4LTRhZTEtOTU4MS0xNTIzZjEyZjkyNzQxIzAhBgNVBAMTGkdvb2ds\nZSBDbG91ZCBTUUwgU2VydmVyIENBMRQwEgYDVQQKEwtHb29nbGUsIEluYzELMAkG\nA1UEBhMCVVMwHhcNMjQwMTIxMTkxNzE0WhcNMzQwMTE4MTkxODE0WjB3MS0wKwYD\nVQQuEyQ2OGUzNGJlOS04OTk4LTRhZTEtOTU4MS0xNTIzZjEyZjkyNzQxIzAhBgNV\nBAMTGkdvb2dsZSBDbG91ZCBTUUwgU2VydmVyIENBMRQwEgYDVQQKEwtHb29nbGUs\nIEluYzELMAkGA1UEBhMCVVMwggEiMA0GCSqGSIb3DQEBAQUAA4IBDwAwggEKAoIB\nAQCG9mMADCzZR5uL8hLMf2zZ8FaYJn2pWLSZGLi7JVB8b+NRENQNclEntS1JuyCb\nqeygCjejnbyFbG/VgFNFDAyY7lJxMhZerORRzAvbcPYVvC5cQFZ5lG9NOUuHoivi\nYfQ9jBWI9q/DAlOMq4B1PuIobARlps97dz2vDR/HL6Q5r9CloxkSi16Bk7xHofqd\n835wGye2szPnBeKGDUhnkN1kZFIIYXcJsrS0wyX1rpIYic57pj1rNCrd+aRjxddz\nb1lA1/RC7Pj9P2HypuawQxJlDeyfgq6pZFxrWcCv1/DH/XToIXL2icY+cQBUdwez\nviHvCboqkIpXwcfqDH9WKpMbAgMBAAGjFjAUMBIGA1UdEwEB/wQIMAYBAf8CAQAw\nDQYJKoZIhvcNAQELBQADggEBAE+UxNQ52okB+WCZ2ObxIR2wH6WlKL8S1zCk2AoF\ngUugyGRdZMDSt9em6BiVawQpj4KNwbkC3I46UiovzrK61EFw29rrF3s3P9fZdoob\n1zooFwoAJK1r63PaFuvf0PS5azTZIsUsrrF4aFdbQ7ycixGDyNKFVGpkw1ICrdRB\neQCSEI0b9un+pM+MtasyuXyfgKRxKvmNAcnxYvhVJ1MpM7N578yat/ingJBqNAiG\n+JiByb2hHniaYEuJ4QQeMvH7J+wXujrMHbIC4w0kcyMk5BRstULZlOC1UbxdpkiJ\n5GAt/NE45+O6GUxOGAAkMN2v3XC9Knt8SlCcFyWCKRzJfNM=\n-----END CERTIFICATE-----",
                "common_name": "C=US,O=Google\\, Inc,CN=Google Cloud SQL Server CA,dnQualifier=68e34be9-8998-4ae1-9581-1523f12f9274",
                "create_time": "2024-01-21T19:17:14.664Z",
                "expiration_time": "2034-01-18T19:18:14.664Z",
                "sha1_fingerprint": "a72058a6c8935fd4cf4ae96f43c8800ba9298a0e"
              }
            ],
            "service_account_email_address": "p717658685230-zhof9e@gcp-sa-cloud-sql.iam.gserviceaccount.com",
            "settings": [
              {
                "activation_policy": "ALWAYS",
                "active_directory_config": [],
                "advanced_machine_features": [],
                "availability_type": "ZONAL",
                "backup_configuration": [
                  {
                    "backup_retention_settings": [
                      {
                        "retained_backups": 7,
                        "retention_unit": "COUNT"
                      }
                    ],
                    "binary_log_enabled": false,
                    "enabled": false,
                    "location": "",
                    "point_in_time_recovery_enabled": false,
                    "start_time": "11:00",
                    "transaction_log_retention_days": 7
                  }
                ],
                "collation": "",
                "connector_enforcement": "NOT_REQUIRED",
                "data_cache_config": [],
                "database_flags": [],
                "deletion_protection_enabled": false,
                "deny_maintenance_period": [],
                "disk_autoresize": true,
                "disk_autoresize_limit": 0,
                "disk_size": 10,
                "disk_type": "PD_SSD",
                "edition": "ENTERPRISE",
                "insights_config": [],
                "ip_configuration": [
                  {
                    "allocated_ip_range": "",
                    "authorized_networks": [],
                    "enable_private_path_for_google_cloud_services": false,
                    "ipv4_enabled": true,
                    "private_network": "",
                    "psc_config": [],
                    "require_ssl": false,
                    "ssl_mode": ""
                  }
                ],
                "location_preference": [
                  {
                    "follow_gae_application": "",
                    "secondary_zone": "",
                    "zone": "us-central1-c"
                  }
                ],
                "maintenance_window": [],
                "password_validation_policy": [],
                "pricing_plan": "PER_USE",
                "sql_server_audit_config": [],
                "tier": "db-custom-1-3840",
                "time_zone": "",
                "user_labels": {},
                "version": 1
              }
            ],
            "timeouts": null
          },
          "sensitive_attributes": [],
          "private": "eyJlMmJmYjczMC1lY2FhLTExZTYtOGY4OC0zNDM2M2JjN2M0YzAiOnsiY3JlYXRlIjoyNDAwMDAwMDAwMDAwLCJkZWxldGUiOjE4MDAwMDAwMDAwMDAsInVwZGF0ZSI6MTgwMDAwMDAwMDAwMH19"
        }
      ]
    },
    {
      "mode": "managed",
      "type": "google_sql_database",
      "name": "sql_server_database",
      "provider": "provider[\"registry.opentofu.org/hashicorp/google\"]",
      "instances": [
        {
          "schema_version": 0,
          "attributes": {
            "charset": "",
            "collation": "SQL_Latin1_General_CP1_CI_AS",
            "deletion_policy": "DELETE",
            "id": "projects/terrabridge-testing/instances/terrabridge-testing-instance-sql-server/databases/terrabridge-testing-database",
            "instance": "terrabridge-testing-instance-sql-server",
            "name": "terrabridge-testing-database",
            "project": "terrabridge-testing",
            "self_link": "https://sqladmin.googleapis.com/sql/v1beta4/projects/terrabridge-testing/instances/terrabridge-testing-instance-sql-server/databases/terrabridge-testing-database",
            "timeouts": null
          },
          "sensitive_attributes": [],
          "private": "eyJlMmJmYjczMC1lY2FhLTExZTYtOGY4OC0zNDM2M2JjN2M0YzAiOnsiY3JlYXRlIjoxMjAwMDAwMDAwMDAwLCJkZWxldGUiOjEyMDAwMDAwMDAwMDAsInVwZGF0ZSI6MTIwMDAwMDAwMDAwMH19",
          "dependencies": [
            "google_sql_database_instance.sql_server_sql_instance"
          ]
        }
      ]
    }
  ],
  "check_results": null
}
